
Microsoft Visual Studio Solution File, Format Version 12.00
# Visual Studio Version 17
VisualStudioVersion = 17.5.33424.131
MinimumVisualStudioVersion = 10.0.40219.1
Project("{FAE04EC0-301F-11D3-BF4B-00C04F79EFBC}") = "Hotellerie-Mehdi", "Hotellerie-Mehdi\Hotellerie-Mehdi.csproj", "{A1ED159E-68C8-473B-9076-4E6B00CEF754}"
EndProject
Global
	GlobalSection(SolutionConfigurationPlatforms) = preSolution
		Debug|Any CPU = Debug|Any CPU
		Release|Any CPU = Release|Any CPU
	EndGlobalSection
	GlobalSection(ProjectConfigurationPlatforms) = postSolution
		{A1ED159E-68C8-473B-9076-4E6B00CEF754}.Debug|Any CPU.ActiveCfg = Debug|Any CPU
		{A1ED159E-68C8-473B-9076-4E6B00CEF754}.Debug|Any CPU.Build.0 = Debug|Any CPU
		{A1ED159E-68C8-473B-9076-4E6B00CEF754}.Release|Any CPU.ActiveCfg = Release|Any CPU
		{A1ED159E-68C8-473B-9076-4E6B00CEF754}.Release|Any CPU.Build.0 = Release|Any CPU
	EndGlobalSection
	GlobalSection(SolutionProperties) = preSolution
		HideSolutionNode = FALSE
	EndGlobalSection
	GlobalSection(ExtensibilityGlobals) = postSolution
		SolutionGuid = {72E2ACBB-FA43-4F9B-8FE9-96C7A95440AF}
	EndGlobalSection
EndGlobal
